// !$*UTF8*$!
{
	archiveVersion = 1;
	classes = {
	};
	objectVersion = 46;
	objects = {

/* Begin PBXBuildFile section */
		FD9DB6B71CD2E82900136916 /* AppDelegate.swift in Sources */ = {isa = PBXBuildFile; fileRef = FD9DB6B61CD2E82900136916 /* AppDelegate.swift */; };
		FD9DB6B91CD2E82900136916 /* ViewController.swift in Sources */ = {isa = PBXBuildFile; fileRef = FD9DB6B81CD2E82900136916 /* ViewController.swift */; };
		FD9DB6BC1CD2E82900136916 /* Main.storyboard in Resources */ = {isa = PBXBuildFile; fileRef = FD9DB6BA1CD2E82900136916 /* Main.storyboard */; };
		FD9DB6BE1CD2E82900136916 /* Assets.xcassets in Resources */ = {isa = PBXBuildFile; fileRef = FD9DB6BD1CD2E82900136916 /* Assets.xcassets */; };
		FD9DB6C11CD2E82900136916 /* LaunchScreen.storyboard in Resources */ = {isa = PBXBuildFile; fileRef = FD9DB6BF1CD2E82900136916 /* LaunchScreen.storyboard */; };
/* End PBXBuildFile section */

/* Begin PBXFileReference section */
		FD9DB6B31CD2E82900136916 /* UISteper.app */ = {isa = PBXFileReference; explicitFileType = wrapper.application; includeInIndex = 0; path = UISteper.app; sourceTree = BUILT_PRODUCTS_DIR; };
		FD9DB6B61CD2E82900136916 /* AppDelegate.swift */ = {isa = PBXFileReference; lastKnownFileType = sourcecode.swift; path = AppDelegate.swift; sourceTree = "<group>"; };
		FD9DB6B81CD2E82900136916 /* ViewController.swift */ = {isa = PBXFileReference; lastKnownFileType = sourcecode.swift; path = ViewController.swift; sourceTree = "<group>"; };
		FD9DB6BB1CD2E82900136916 /* Base */ = {isa = PBXFileReference; lastKnownFileType = file.storyboard; name = Base; path = Base.lproj/Main.storyboard; sourceTree = "<group>"; };
		FD9DB6BD1CD2E82900136916 /* Assets.xcassets */ = {isa = PBXFileReference; lastKnownFileType = folder.assetcatalog; path = Assets.xcassets; sourceTree = "<group>"; };
		FD9DB6C01CD2E82900136916 /* Base */ = {isa = PBXFileReference; lastKnownFileType = file.storyboard; name = Base; path = Base.lproj/LaunchScreen.storyboard; sourceTree = "<group>"; };
		FD9DB6C21CD2E82900136916 /* Info.plist */ = {isa = PBXFileReference; lastKnownFileType = text.plist.xml; path = Info.plist; sourceTree = "<group>"; };
/* End PBXFileReference section */

/* Begin PBXFrameworksBuildPhase section */
		FD9DB6B01CD2E82900136916 /* Frameworks */ = {
			isa = PBXFrameworksBuildPhase;
			buildActionMask = 2147483647;
			files = (
			);
			runOnlyForDeploymentPostprocessing = 0;
		};
/* End PBXFrameworksBuildPhase section */

/* Begin PBXGroup section */
		FD9DB6AA1CD2E82900136916 = {
			isa = PBXGroup;
			children = (
				FD9DB6B51CD2E82900136916 /* UISteper */,
				FD9DB6B41CD2E82900136916 /* Products */,
			);
			sourceTree = "<group>";
		};
		FD9DB6B41CD2E82900136916 /* Products */ = {
			isa = PBXGroup;
			children = (
				FD9DB6B31CD2E82900136916 /* UISteper.app */,
			);
			name = Products;
			sourceTree = "<group>";
		};
		FD9DB6B51CD2E82900136916 /* UISteper */ = {
			isa = PBXGroup;
			children = (
				FD9DB6B61CD2E82900136916 /* AppDelegate.swift */,
				FD9DB6B81CD2E82900136916 /* ViewController.swift */,
				FD9DB6BA1CD2E82900136916 /* Main.storyboard */,
				FD9DB6BD1CD2E82900136916 /* Assets.xcassets */,
				FD9DB6BF1CD2E82900136916 /* LaunchScreen.storyboard */,
				FD9DB6C21CD2E82900136916 /* Info.plist */,
			);
			path = UISteper;
			sourceTree = "<group>";
		};
/* End PBXGroup section */

/* Begin PBXNativeTarget section */
		FD9DB6B21CD2E82900136916 /* UISteper */ = {
			isa = PBXNativeTarget;
			buildConfigurationList = FD9DB6C51CD2E82900136916 /* Build configuration list for PBXNativeTarget "UISteper" */;
			buildPhases = (
				FD9DB6AF1CD2E82900136916 /* Sources */,
				FD9DB6B01CD2E82900136916 /* Frameworks */,
				FD9DB6B11CD2E82900136916 /* Resources */,
			);
			buildRules = (
			);
			dependencies = (
			);
			name = UISteper;
			productName = UISteper;
			productReference = FD9DB6B31CD2E82900136916 /* UISteper.app */;
			productType = "com.apple.product-type.application";
		};
/* End PBXNativeTarget section */

/* Begin PBXProject section */
		FD9DB6AB1CD2E82900136916 /* Project object */ = {
			isa = PBXProject;
			attributes = {
				LastSwiftUpdateCheck = 0730;
				LastUpgradeCheck = 0730;
				ORGANIZATIONNAME = "何万江";
				TargetAttributes = {
					FD9DB6B21CD2E82900136916 = {
						CreatedOnToolsVersion = 7.3;
						DevelopmentTeam = 85MQ6NSMX5;
					};
				};
			};
			buildConfigurationList = FD9DB6AE1CD2E82900136916 /* Build configuration list for PBXProject "UISteper" */;
			compatibilityVersion = "Xcode 3.2";
			developmentRegion = English;
			hasScannedForEncodings = 0;
			knownRegions = (
				en,
				Base,
			);
			mainGroup = FD9DB6AA1CD2E82900136916;
			productRefGroup = FD9DB6B41CD2E82900136916 /* Products */;
			projectDirPath = "";
			projectRoot = "";
			targets = (
				FD9DB6B21CD2E82900136916 /* UISteper */,
			);
		};
/* End PBXProject section */

/* Begin PBXResourcesBuildPhase section */
		FD9DB6B11CD2E82900136916 /* Resources */ = {
			isa = PBXResourcesBuildPhase;
			buildActionMask = 2147483647;
			files = (
				FD9DB6C11CD2E82900136916 /* LaunchScreen.storyboard in Resources */,
				FD9DB6BE1CD2E82900136916 /* Assets.xcassets in Resources */,
				FD9DB6BC1CD2E82900136916 /* Main.storyboard in Resources */,
			);
			runOnlyForDeploymentPostprocessing = 0;
		};
/* End PBXResourcesBuildPhase section */

/* Begin PBXSourcesBuildPhase section */
		FD9DB6AF1CD2E82900136916 /* Sources */ = {
			isa = PBXSourcesBuildPhase;
			buildActionMask = 2147483647;
			files = (
				FD9DB6B91CD2E82900136916 /* ViewController.swift in Sources */,
				FD9DB6B71CD2E82900136916 /* AppDelegate.swift in Sources */,
			);
			runOnlyForDeploymentPostprocessing = 0;
		};
/* End PBXSourcesBuildPhase section */

/* Begin PBXVariantGroup section */
		FD9DB6BA1CD2E82900136916 /* Main.storyboard */ = {
			isa = PBXVariantGroup;
			children = (
				FD9DB6BB1CD2E82900136916 /* Base */,
			);
			name = Main.storyboard;
			sourceTree = "<group>";
		};
		FD9DB6BF1CD2E82900136916 /* LaunchScreen.storyboard */ = {
			isa = PBXVariantGroup;
			children = (
				FD9DB6C01CD2E82900136916 /* Base */,
			);
			name = LaunchScreen.storyboard;
			sourceTree = "<group>";
		};
/* End PBXVariantGroup section */

/* Begin XCBuildConfiguration section */
		FD9DB6C31CD2E82900136916 /* Debug */ = {
			isa = XCBuildConfiguration;
			buildSettings = {
				ALWAYS_SEARCH_USER_PATHS = NO;
				CLANG_ANALYZER_NONNULL = YES;
				CLANG_CXX_LANGUAGE_STANDARD = "gnu++0x";
				CLANG_CXX_LIBRARY = "libc++";
				CLANG_ENABLE_MODULES = YES;
				CLANG_ENABLE_OBJC_ARC = YES;
				CLANG_WARN_BOOL_CONVERSION = YES;
				CLANG_WARN_CONSTANT_CONVERSION = YES;
				CLANG_WARN_DIRECT_OBJC_ISA_USAGE = YES_ERROR;
				CLANG_WARN_EMPTY_BODY = YES;
				CLANG_WARN_ENUM_CONVERSION = YES;
				CLANG_WARN_INT_CONVERSION = YES;
				CLANG_WARN_OBJC_ROOT_CLASS = YES_ERROR;
				CLANG_WARN_UNREACHABLE_CODE = YES;
				CLANG_WARN__DUPLICATE_METHOD_MATCH = YES;
				"CODE_SIGN_IDENTITY[sdk=iphoneos*]" = "iPhone Developer";
				COPY_PHASE_STRIP = NO;
				DEBUG_INFORMATION_FORMAT = dwarf;
				ENABLE_STRICT_OBJC_MSGSEND = YES;
				ENABLE_TESTABILITY = YES;
				GCC_C_LANGUAGE_STANDARD = gnu99;
				GCC_DYNAMIC_NO_PIC = NO;
				GCC_NO_COMMON_BLOCKS = YES;
				GCC_OPTIMIZATION_LEVEL = 0;
				GCC_PREPROCESSOR_DEFINITIONS = (
					"DEBUG=1",
					"$(inherited)",
				);
				GCC_WARN_64_TO_32_BIT_CONVERSION = YES;
				GCC_WARN_ABOUT_RETURN_TYPE = YES_ERROR;
				GCC_WARN_UNDECLARED_SELECTOR = YES;
				GCC_WARN_UNINITIALIZED_AUTOS = YES_AGGRESSIVE;
				GCC_WARN_UNUSED_FUNCTION = YES;
				GCC_WARN_UNUSED_VARIABLE = YES;
				IPHONEOS_DEPLOYMENT_TARGET = 9.3;
				MTL_ENABLE_DEBUG_INFO = YES;
				ONLY_ACTIVE_ARCH = YES;
				SDKROOT = iphoneos;
				SWIFT_OPTIMIZATION_LEVEL = "-Onone";
			};
			name = Debug;
		};
		FD9DB6C41CD2E82900136916 /* Release */ = {
			isa = XCBuildConfiguration;
			buildSettings = {
				ALWAYS_SEARCH_USER_PATHS = NO;
				CLANG_ANALYZER_NONNULL = YES;
				CLANG_CXX_LANGUAGE_STANDARD = "gnu++0x";
				CLANG_CXX_LIBRARY = "libc++";
				CLANG_ENABLE_MODULES = YES;
				CLANG_ENABLE_OBJC_ARC = YES;
				CLANG_WARN_BOOL_CONVERSION = YES;
				CLANG_WARN_CONSTANT_CONVERSION = YES;
				CLANG_WARN_DIRECT_OBJC_ISA_USAGE = YES_ERROR;
				CLANG_WARN_EMPTY_BODY = YES;
				CLANG_WARN_ENUM_CONVERSION = YES;
				CLANG_WARN_INT_CONVERSION = YES;
				CLANG_WARN_OBJC_ROOT_CLASS = YES_ERROR;
				CLANG_WARN_UNREACHABLE_CODE = YES;
				CLANG_WARN__DUPLICATE_METHOD_MATCH = YES;
				"CODE_SIGN_IDENTITY[sdk=iphoneos*]" = "iPhone Developer";
				COPY_PHASE_STRIP = NO;
				DEBUG_INFORMATION_FORMAT = "dwarf-with-dsym";
				ENABLE_NS_ASSERTIONS = NO;
				ENABLE_STRICT_OBJC_MSGSEND = YES;
				GCC_C_LANGUAGE_STANDARD = gnu99;
				GCC_NO_COMMON_BLOCKS = YES;
				GCC_WARN_64_TO_32_BIT_CONVERSION = YES;
				GCC_WARN_ABOUT_RETURN_TYPE = YES_ERROR;
				GCC_WARN_UNDECLARED_SELECTOR = YES;
				GCC_WARN_UNINITIALIZED_AUTOS = YES_AGGRESSIVE;
				GCC_WARN_UNUSED_FUNCTION = YES;
				GCC_WARN_UNUSED_VARIABLE = YES;
				IPHONEOS_DEPLOYMENT_TARGET = 9.3;
				MTL_ENABLE_DEBUG_INFO = NO;
				SDKROOT = iphoneos;
				VALIDATE_PRODUCT = YES;
			};
			name = Release;
		};
		FD9DB6C61CD2E82900136916 /* Debug */ = {
			isa = XCBuildConfiguration;
			buildSettings = {
				ASSETCATALOG_COMPILER_APPICON_NAME = AppIcon;
				INFOPLIST_FILE = UISteper/Info.plist;
				LD_RUNPATH_SEARCH_PATHS = "$(inherited) @executable_path/Frameworks";
				PRODUCT_BUNDLE_IDENTIFIER = com.pifoo.UISteper;
				PRODUCT_NAME = "$(TARGET_NAME)";
			};
			name = Debug;
		};
		FD9DB6C71CD2E82900136916 /* Release */ = {
			isa = XCBuildConfiguration;
			buildSettings = {
				ASSETCATALOG_COMPILER_APPICON_NAME = AppIcon;
				INFOPLIST_FILE = UISteper/Info.plist;
				LD_RUNPATH_SEARCH_PATHS = "$(inherited) @executable_path/Frameworks";
				PRODUCT_BUNDLE_IDENTIFIER = com.pifoo.UISteper;
				PRODUCT_NAME = "$(TARGET_NAME)";
			};
			name = Release;
		};
/* End XCBuildConfiguration section */

/* Begin XCConfigurationList section */
		FD9DB6AE1CD2E82900136916 /* Build configuration list for PBXProject "UISteper" */ = {
			isa = XCConfigurationList;
			buildConfigurations = (
				FD9DB6C31CD2E82900136916 /* Debug */,
				FD9DB6C41CD2E82900136916 /* Release */,
			);
			defaultConfigurationIsVisible = 0;
			defaultConfigurationName = Release;
		};
		FD9DB6C51CD2E82900136916 /* Build configuration list for PBXNativeTarget "UISteper" */ = {
			isa = XCConfigurationList;
			buildConfigurations = (
				FD9DB6C61CD2E82900136916 /* Debug */,
				FD9DB6C71CD2E82900136916 /* Release */,
			);
			defaultConfigurationIsVisible = 0;
		};
/* End XCConfigurationList section */
	};
	rootObject = FD9DB6AB1CD2E82900136916 /* Project object */;
}
