// !$*UTF8*$!
{
	archiveVersion = 1;
	classes = {
	};
	objectVersion = 46;
	objects = {

/* Begin PBXBuildFile section */
		FD8478901CD1AF76009E13D7 /* AppDelegate.swift in Sources */ = {isa = PBXBuildFile; fileRef = FD84788F1CD1AF76009E13D7 /* AppDelegate.swift */; };
		FD8478921CD1AF76009E13D7 /* ViewController.swift in Sources */ = {isa = PBXBuildFile; fileRef = FD8478911CD1AF76009E13D7 /* ViewController.swift */; };
		FD8478951CD1AF76009E13D7 /* Main.storyboard in Resources */ = {isa = PBXBuildFile; fileRef = FD8478931CD1AF76009E13D7 /* Main.storyboard */; };
		FD8478971CD1AF76009E13D7 /* Assets.xcassets in Resources */ = {isa = PBXBuildFile; fileRef = FD8478961CD1AF76009E13D7 /* Assets.xcassets */; };
		FD84789A1CD1AF76009E13D7 /* LaunchScreen.storyboard in Resources */ = {isa = PBXBuildFile; fileRef = FD8478981CD1AF76009E13D7 /* LaunchScreen.storyboard */; };
/* End PBXBuildFile section */

/* Begin PBXFileReference section */
		FD84788C1CD1AF76009E13D7 /* UISegementControlApplication.app */ = {isa = PBXFileReference; explicitFileType = wrapper.application; includeInIndex = 0; path = UISegementControlApplication.app; sourceTree = BUILT_PRODUCTS_DIR; };
		FD84788F1CD1AF76009E13D7 /* AppDelegate.swift */ = {isa = PBXFileReference; lastKnownFileType = sourcecode.swift; path = AppDelegate.swift; sourceTree = "<group>"; };
		FD8478911CD1AF76009E13D7 /* ViewController.swift */ = {isa = PBXFileReference; lastKnownFileType = sourcecode.swift; path = ViewController.swift; sourceTree = "<group>"; };
		FD8478941CD1AF76009E13D7 /* Base */ = {isa = PBXFileReference; lastKnownFileType = file.storyboard; name = Base; path = Base.lproj/Main.storyboard; sourceTree = "<group>"; };
		FD8478961CD1AF76009E13D7 /* Assets.xcassets */ = {isa = PBXFileReference; lastKnownFileType = folder.assetcatalog; path = Assets.xcassets; sourceTree = "<group>"; };
		FD8478991CD1AF76009E13D7 /* Base */ = {isa = PBXFileReference; lastKnownFileType = file.storyboard; name = Base; path = Base.lproj/LaunchScreen.storyboard; sourceTree = "<group>"; };
		FD84789B1CD1AF76009E13D7 /* Info.plist */ = {isa = PBXFileReference; lastKnownFileType = text.plist.xml; path = Info.plist; sourceTree = "<group>"; };
/* End PBXFileReference section */

/* Begin PBXFrameworksBuildPhase section */
		FD8478891CD1AF76009E13D7 /* Frameworks */ = {
			isa = PBXFrameworksBuildPhase;
			buildActionMask = 2147483647;
			files = (
			);
			runOnlyForDeploymentPostprocessing = 0;
		};
/* End PBXFrameworksBuildPhase section */

/* Begin PBXGroup section */
		FD8478831CD1AF76009E13D7 = {
			isa = PBXGroup;
			children = (
				FD84788E1CD1AF76009E13D7 /* UISegementControlApplication */,
				FD84788D1CD1AF76009E13D7 /* Products */,
			);
			sourceTree = "<group>";
		};
		FD84788D1CD1AF76009E13D7 /* Products */ = {
			isa = PBXGroup;
			children = (
				FD84788C1CD1AF76009E13D7 /* UISegementControlApplication.app */,
			);
			name = Products;
			sourceTree = "<group>";
		};
		FD84788E1CD1AF76009E13D7 /* UISegementControlApplication */ = {
			isa = PBXGroup;
			children = (
				FD84788F1CD1AF76009E13D7 /* AppDelegate.swift */,
				FD8478911CD1AF76009E13D7 /* ViewController.swift */,
				FD8478931CD1AF76009E13D7 /* Main.storyboard */,
				FD8478961CD1AF76009E13D7 /* Assets.xcassets */,
				FD8478981CD1AF76009E13D7 /* LaunchScreen.storyboard */,
				FD84789B1CD1AF76009E13D7 /* Info.plist */,
			);
			path = UISegementControlApplication;
			sourceTree = "<group>";
		};
/* End PBXGroup section */

/* Begin PBXNativeTarget section */
		FD84788B1CD1AF76009E13D7 /* UISegementControlApplication */ = {
			isa = PBXNativeTarget;
			buildConfigurationList = FD84789E1CD1AF77009E13D7 /* Build configuration list for PBXNativeTarget "UISegementControlApplication" */;
			buildPhases = (
				FD8478881CD1AF76009E13D7 /* Sources */,
				FD8478891CD1AF76009E13D7 /* Frameworks */,
				FD84788A1CD1AF76009E13D7 /* Resources */,
			);
			buildRules = (
			);
			dependencies = (
			);
			name = UISegementControlApplication;
			productName = UISegementControlApplication;
			productReference = FD84788C1CD1AF76009E13D7 /* UISegementControlApplication.app */;
			productType = "com.apple.product-type.application";
		};
/* End PBXNativeTarget section */

/* Begin PBXProject section */
		FD8478841CD1AF76009E13D7 /* Project object */ = {
			isa = PBXProject;
			attributes = {
				LastSwiftUpdateCheck = 0730;
				LastUpgradeCheck = 0730;
				ORGANIZATIONNAME = "何万江";
				TargetAttributes = {
					FD84788B1CD1AF76009E13D7 = {
						CreatedOnToolsVersion = 7.3;
						DevelopmentTeam = 85MQ6NSMX5;
					};
				};
			};
			buildConfigurationList = FD8478871CD1AF76009E13D7 /* Build configuration list for PBXProject "UISegementControlApplication" */;
			compatibilityVersion = "Xcode 3.2";
			developmentRegion = English;
			hasScannedForEncodings = 0;
			knownRegions = (
				en,
				Base,
			);
			mainGroup = FD8478831CD1AF76009E13D7;
			productRefGroup = FD84788D1CD1AF76009E13D7 /* Products */;
			projectDirPath = "";
			projectRoot = "";
			targets = (
				FD84788B1CD1AF76009E13D7 /* UISegementControlApplication */,
			);
		};
/* End PBXProject section */

/* Begin PBXResourcesBuildPhase section */
		FD84788A1CD1AF76009E13D7 /* Resources */ = {
			isa = PBXResourcesBuildPhase;
			buildActionMask = 2147483647;
			files = (
				FD84789A1CD1AF76009E13D7 /* LaunchScreen.storyboard in Resources */,
				FD8478971CD1AF76009E13D7 /* Assets.xcassets in Resources */,
				FD8478951CD1AF76009E13D7 /* Main.storyboard in Resources */,
			);
			runOnlyForDeploymentPostprocessing = 0;
		};
/* End PBXResourcesBuildPhase section */

/* Begin PBXSourcesBuildPhase section */
		FD8478881CD1AF76009E13D7 /* Sources */ = {
			isa = PBXSourcesBuildPhase;
			buildActionMask = 2147483647;
			files = (
				FD8478921CD1AF76009E13D7 /* ViewController.swift in Sources */,
				FD8478901CD1AF76009E13D7 /* AppDelegate.swift in Sources */,
			);
			runOnlyForDeploymentPostprocessing = 0;
		};
/* End PBXSourcesBuildPhase section */

/* Begin PBXVariantGroup section */
		FD8478931CD1AF76009E13D7 /* Main.storyboard */ = {
			isa = PBXVariantGroup;
			children = (
				FD8478941CD1AF76009E13D7 /* Base */,
			);
			name = Main.storyboard;
			sourceTree = "<group>";
		};
		FD8478981CD1AF76009E13D7 /* LaunchScreen.storyboard */ = {
			isa = PBXVariantGroup;
			children = (
				FD8478991CD1AF76009E13D7 /* Base */,
			);
			name = LaunchScreen.storyboard;
			sourceTree = "<group>";
		};
/* End PBXVariantGroup section */

/* Begin XCBuildConfiguration section */
		FD84789C1CD1AF76009E13D7 /* Debug */ = {
			isa = XCBuildConfiguration;
			buildSettings = {
				ALWAYS_SEARCH_USER_PATHS = NO;
				CLANG_ANALYZER_NONNULL = YES;
				CLANG_CXX_LANGUAGE_STANDARD = "gnu++0x";
				CLANG_CXX_LIBRARY = "libc++";
				CLANG_ENABLE_MODULES = YES;
				CLANG_ENABLE_OBJC_ARC = YES;
				CLANG_WARN_BOOL_CONVERSION = YES;
				CLANG_WARN_CONSTANT_CONVERSION = YES;
				CLANG_WARN_DIRECT_OBJC_ISA_USAGE = YES_ERROR;
				CLANG_WARN_EMPTY_BODY = YES;
				CLANG_WARN_ENUM_CONVERSION = YES;
				CLANG_WARN_INT_CONVERSION = YES;
				CLANG_WARN_OBJC_ROOT_CLASS = YES_ERROR;
				CLANG_WARN_UNREACHABLE_CODE = YES;
				CLANG_WARN__DUPLICATE_METHOD_MATCH = YES;
				"CODE_SIGN_IDENTITY[sdk=iphoneos*]" = "iPhone Developer";
				COPY_PHASE_STRIP = NO;
				DEBUG_INFORMATION_FORMAT = dwarf;
				ENABLE_STRICT_OBJC_MSGSEND = YES;
				ENABLE_TESTABILITY = YES;
				GCC_C_LANGUAGE_STANDARD = gnu99;
				GCC_DYNAMIC_NO_PIC = NO;
				GCC_NO_COMMON_BLOCKS = YES;
				GCC_OPTIMIZATION_LEVEL = 0;
				GCC_PREPROCESSOR_DEFINITIONS = (
					"DEBUG=1",
					"$(inherited)",
				);
				GCC_WARN_64_TO_32_BIT_CONVERSION = YES;
				GCC_WARN_ABOUT_RETURN_TYPE = YES_ERROR;
				GCC_WARN_UNDECLARED_SELECTOR = YES;
				GCC_WARN_UNINITIALIZED_AUTOS = YES_AGGRESSIVE;
				GCC_WARN_UNUSED_FUNCTION = YES;
				GCC_WARN_UNUSED_VARIABLE = YES;
				IPHONEOS_DEPLOYMENT_TARGET = 9.3;
				MTL_ENABLE_DEBUG_INFO = YES;
				ONLY_ACTIVE_ARCH = YES;
				SDKROOT = iphoneos;
				SWIFT_OPTIMIZATION_LEVEL = "-Onone";
			};
			name = Debug;
		};
		FD84789D1CD1AF76009E13D7 /* Release */ = {
			isa = XCBuildConfiguration;
			buildSettings = {
				ALWAYS_SEARCH_USER_PATHS = NO;
				CLANG_ANALYZER_NONNULL = YES;
				CLANG_CXX_LANGUAGE_STANDARD = "gnu++0x";
				CLANG_CXX_LIBRARY = "libc++";
				CLANG_ENABLE_MODULES = YES;
				CLANG_ENABLE_OBJC_ARC = YES;
				CLANG_WARN_BOOL_CONVERSION = YES;
				CLANG_WARN_CONSTANT_CONVERSION = YES;
				CLANG_WARN_DIRECT_OBJC_ISA_USAGE = YES_ERROR;
				CLANG_WARN_EMPTY_BODY = YES;
				CLANG_WARN_ENUM_CONVERSION = YES;
				CLANG_WARN_INT_CONVERSION = YES;
				CLANG_WARN_OBJC_ROOT_CLASS = YES_ERROR;
				CLANG_WARN_UNREACHABLE_CODE = YES;
				CLANG_WARN__DUPLICATE_METHOD_MATCH = YES;
				"CODE_SIGN_IDENTITY[sdk=iphoneos*]" = "iPhone Developer";
				COPY_PHASE_STRIP = NO;
				DEBUG_INFORMATION_FORMAT = "dwarf-with-dsym";
				ENABLE_NS_ASSERTIONS = NO;
				ENABLE_STRICT_OBJC_MSGSEND = YES;
				GCC_C_LANGUAGE_STANDARD = gnu99;
				GCC_NO_COMMON_BLOCKS = YES;
				GCC_WARN_64_TO_32_BIT_CONVERSION = YES;
				GCC_WARN_ABOUT_RETURN_TYPE = YES_ERROR;
				GCC_WARN_UNDECLARED_SELECTOR = YES;
				GCC_WARN_UNINITIALIZED_AUTOS = YES_AGGRESSIVE;
				GCC_WARN_UNUSED_FUNCTION = YES;
				GCC_WARN_UNUSED_VARIABLE = YES;
				IPHONEOS_DEPLOYMENT_TARGET = 9.3;
				MTL_ENABLE_DEBUG_INFO = NO;
				SDKROOT = iphoneos;
				VALIDATE_PRODUCT = YES;
			};
			name = Release;
		};
		FD84789F1CD1AF77009E13D7 /* Debug */ = {
			isa = XCBuildConfiguration;
			buildSettings = {
				ASSETCATALOG_COMPILER_APPICON_NAME = AppIcon;
				INFOPLIST_FILE = UISegementControlApplication/Info.plist;
				LD_RUNPATH_SEARCH_PATHS = "$(inherited) @executable_path/Frameworks";
				PRODUCT_BUNDLE_IDENTIFIER = com.pifoo.UISegementControlApplication;
				PRODUCT_NAME = "$(TARGET_NAME)";
			};
			name = Debug;
		};
		FD8478A01CD1AF77009E13D7 /* Release */ = {
			isa = XCBuildConfiguration;
			buildSettings = {
				ASSETCATALOG_COMPILER_APPICON_NAME = AppIcon;
				INFOPLIST_FILE = UISegementControlApplication/Info.plist;
				LD_RUNPATH_SEARCH_PATHS = "$(inherited) @executable_path/Frameworks";
				PRODUCT_BUNDLE_IDENTIFIER = com.pifoo.UISegementControlApplication;
				PRODUCT_NAME = "$(TARGET_NAME)";
			};
			name = Release;
		};
/* End XCBuildConfiguration section */

/* Begin XCConfigurationList section */
		FD8478871CD1AF76009E13D7 /* Build configuration list for PBXProject "UISegementControlApplication" */ = {
			isa = XCConfigurationList;
			buildConfigurations = (
				FD84789C1CD1AF76009E13D7 /* Debug */,
				FD84789D1CD1AF76009E13D7 /* Release */,
			);
			defaultConfigurationIsVisible = 0;
			defaultConfigurationName = Release;
		};
		FD84789E1CD1AF77009E13D7 /* Build configuration list for PBXNativeTarget "UISegementControlApplication" */ = {
			isa = XCConfigurationList;
			buildConfigurations = (
				FD84789F1CD1AF77009E13D7 /* Debug */,
				FD8478A01CD1AF77009E13D7 /* Release */,
			);
			defaultConfigurationIsVisible = 0;
		};
/* End XCConfigurationList section */
	};
	rootObject = FD8478841CD1AF76009E13D7 /* Project object */;
}
