// !$*UTF8*$!
{
	archiveVersion = 1;
	classes = {
	};
	objectVersion = 46;
	objects = {

/* Begin PBXBuildFile section */
		FDF438451C147DCA00493F1A /* main.c in Sources */ = {isa = PBXBuildFile; fileRef = FDF438441C147DCA00493F1A /* main.c */; };
		FDF438521C147E0D00493F1A /* main.c in Sources */ = {isa = PBXBuildFile; fileRef = FDF438511C147E0D00493F1A /* main.c */; };
/* End PBXBuildFile section */

/* Begin PBXCopyFilesBuildPhase section */
		FDF4383F1C147DCA00493F1A /* CopyFiles */ = {
			isa = PBXCopyFilesBuildPhase;
			buildActionMask = 2147483647;
			dstPath = /usr/share/man/man1/;
			dstSubfolderSpec = 0;
			files = (
			);
			runOnlyForDeploymentPostprocessing = 1;
		};
		FDF4384D1C147E0D00493F1A /* CopyFiles */ = {
			isa = PBXCopyFilesBuildPhase;
			buildActionMask = 2147483647;
			dstPath = /usr/share/man/man1/;
			dstSubfolderSpec = 0;
			files = (
			);
			runOnlyForDeploymentPostprocessing = 1;
		};
/* End PBXCopyFilesBuildPhase section */

/* Begin PBXFileReference section */
		FDF438411C147DCA00493F1A /* les */ = {isa = PBXFileReference; explicitFileType = "compiled.mach-o.executable"; includeInIndex = 0; path = les; sourceTree = BUILT_PRODUCTS_DIR; };
		FDF438441C147DCA00493F1A /* main.c */ = {isa = PBXFileReference; lastKnownFileType = sourcecode.c.c; path = main.c; sourceTree = "<group>"; };
		FDF4384F1C147E0D00493F1A /* les1 */ = {isa = PBXFileReference; explicitFileType = "compiled.mach-o.executable"; includeInIndex = 0; path = les1; sourceTree = BUILT_PRODUCTS_DIR; };
		FDF438511C147E0D00493F1A /* main.c */ = {isa = PBXFileReference; lastKnownFileType = sourcecode.c.c; path = main.c; sourceTree = "<group>"; };
/* End PBXFileReference section */

/* Begin PBXFrameworksBuildPhase section */
		FDF4383E1C147DCA00493F1A /* Frameworks */ = {
			isa = PBXFrameworksBuildPhase;
			buildActionMask = 2147483647;
			files = (
			);
			runOnlyForDeploymentPostprocessing = 0;
		};
		FDF4384C1C147E0D00493F1A /* Frameworks */ = {
			isa = PBXFrameworksBuildPhase;
			buildActionMask = 2147483647;
			files = (
			);
			runOnlyForDeploymentPostprocessing = 0;
		};
/* End PBXFrameworksBuildPhase section */

/* Begin PBXGroup section */
		FDF438381C147DCA00493F1A = {
			isa = PBXGroup;
			children = (
				FDF438431C147DCA00493F1A /* les */,
				FDF438501C147E0D00493F1A /* les1 */,
				FDF438421C147DCA00493F1A /* Products */,
			);
			sourceTree = "<group>";
		};
		FDF438421C147DCA00493F1A /* Products */ = {
			isa = PBXGroup;
			children = (
				FDF438411C147DCA00493F1A /* les */,
				FDF4384F1C147E0D00493F1A /* les1 */,
			);
			name = Products;
			sourceTree = "<group>";
		};
		FDF438431C147DCA00493F1A /* les */ = {
			isa = PBXGroup;
			children = (
				FDF438441C147DCA00493F1A /* main.c */,
			);
			path = les;
			sourceTree = "<group>";
		};
		FDF438501C147E0D00493F1A /* les1 */ = {
			isa = PBXGroup;
			children = (
				FDF438511C147E0D00493F1A /* main.c */,
			);
			path = les1;
			sourceTree = "<group>";
		};
/* End PBXGroup section */

/* Begin PBXNativeTarget section */
		FDF438401C147DCA00493F1A /* les */ = {
			isa = PBXNativeTarget;
			buildConfigurationList = FDF438481C147DCA00493F1A /* Build configuration list for PBXNativeTarget "les" */;
			buildPhases = (
				FDF4383D1C147DCA00493F1A /* Sources */,
				FDF4383E1C147DCA00493F1A /* Frameworks */,
				FDF4383F1C147DCA00493F1A /* CopyFiles */,
			);
			buildRules = (
			);
			dependencies = (
			);
			name = les;
			productName = les;
			productReference = FDF438411C147DCA00493F1A /* les */;
			productType = "com.apple.product-type.tool";
		};
		FDF4384E1C147E0D00493F1A /* les1 */ = {
			isa = PBXNativeTarget;
			buildConfigurationList = FDF438551C147E0D00493F1A /* Build configuration list for PBXNativeTarget "les1" */;
			buildPhases = (
				FDF4384B1C147E0D00493F1A /* Sources */,
				FDF4384C1C147E0D00493F1A /* Frameworks */,
				FDF4384D1C147E0D00493F1A /* CopyFiles */,
			);
			buildRules = (
			);
			dependencies = (
			);
			name = les1;
			productName = les1;
			productReference = FDF4384F1C147E0D00493F1A /* les1 */;
			productType = "com.apple.product-type.tool";
		};
/* End PBXNativeTarget section */

/* Begin PBXProject section */
		FDF438391C147DCA00493F1A /* Project object */ = {
			isa = PBXProject;
			attributes = {
				LastUpgradeCheck = 0710;
				ORGANIZATIONNAME = "何万江";
				TargetAttributes = {
					FDF438401C147DCA00493F1A = {
						CreatedOnToolsVersion = 7.1.1;
					};
					FDF4384E1C147E0D00493F1A = {
						CreatedOnToolsVersion = 7.1.1;
					};
				};
			};
			buildConfigurationList = FDF4383C1C147DCA00493F1A /* Build configuration list for PBXProject "les" */;
			compatibilityVersion = "Xcode 3.2";
			developmentRegion = English;
			hasScannedForEncodings = 0;
			knownRegions = (
				en,
			);
			mainGroup = FDF438381C147DCA00493F1A;
			productRefGroup = FDF438421C147DCA00493F1A /* Products */;
			projectDirPath = "";
			projectRoot = "";
			targets = (
				FDF438401C147DCA00493F1A /* les */,
				FDF4384E1C147E0D00493F1A /* les1 */,
			);
		};
/* End PBXProject section */

/* Begin PBXSourcesBuildPhase section */
		FDF4383D1C147DCA00493F1A /* Sources */ = {
			isa = PBXSourcesBuildPhase;
			buildActionMask = 2147483647;
			files = (
				FDF438451C147DCA00493F1A /* main.c in Sources */,
			);
			runOnlyForDeploymentPostprocessing = 0;
		};
		FDF4384B1C147E0D00493F1A /* Sources */ = {
			isa = PBXSourcesBuildPhase;
			buildActionMask = 2147483647;
			files = (
				FDF438521C147E0D00493F1A /* main.c in Sources */,
			);
			runOnlyForDeploymentPostprocessing = 0;
		};
/* End PBXSourcesBuildPhase section */

/* Begin XCBuildConfiguration section */
		FDF438461C147DCA00493F1A /* Debug */ = {
			isa = XCBuildConfiguration;
			buildSettings = {
				ALWAYS_SEARCH_USER_PATHS = NO;
				CLANG_CXX_LANGUAGE_STANDARD = "gnu++0x";
				CLANG_CXX_LIBRARY = "libc++";
				CLANG_ENABLE_MODULES = YES;
				CLANG_ENABLE_OBJC_ARC = YES;
				CLANG_WARN_BOOL_CONVERSION = YES;
				CLANG_WARN_CONSTANT_CONVERSION = YES;
				CLANG_WARN_DIRECT_OBJC_ISA_USAGE = YES_ERROR;
				CLANG_WARN_EMPTY_BODY = YES;
				CLANG_WARN_ENUM_CONVERSION = YES;
				CLANG_WARN_INT_CONVERSION = YES;
				CLANG_WARN_OBJC_ROOT_CLASS = YES_ERROR;
				CLANG_WARN_UNREACHABLE_CODE = YES;
				CLANG_WARN__DUPLICATE_METHOD_MATCH = YES;
				CODE_SIGN_IDENTITY = "-";
				COPY_PHASE_STRIP = NO;
				DEBUG_INFORMATION_FORMAT = dwarf;
				ENABLE_STRICT_OBJC_MSGSEND = YES;
				ENABLE_TESTABILITY = YES;
				GCC_C_LANGUAGE_STANDARD = gnu99;
				GCC_DYNAMIC_NO_PIC = NO;
				GCC_NO_COMMON_BLOCKS = YES;
				GCC_OPTIMIZATION_LEVEL = 0;
				GCC_PREPROCESSOR_DEFINITIONS = (
					"DEBUG=1",
					"$(inherited)",
				);
				GCC_WARN_64_TO_32_BIT_CONVERSION = YES;
				GCC_WARN_ABOUT_RETURN_TYPE = YES_ERROR;
				GCC_WARN_UNDECLARED_SELECTOR = YES;
				GCC_WARN_UNINITIALIZED_AUTOS = YES_AGGRESSIVE;
				GCC_WARN_UNUSED_FUNCTION = YES;
				GCC_WARN_UNUSED_VARIABLE = YES;
				MACOSX_DEPLOYMENT_TARGET = 10.11;
				MTL_ENABLE_DEBUG_INFO = YES;
				ONLY_ACTIVE_ARCH = YES;
				SDKROOT = macosx;
			};
			name = Debug;
		};
		FDF438471C147DCA00493F1A /* Release */ = {
			isa = XCBuildConfiguration;
			buildSettings = {
				ALWAYS_SEARCH_USER_PATHS = NO;
				CLANG_CXX_LANGUAGE_STANDARD = "gnu++0x";
				CLANG_CXX_LIBRARY = "libc++";
				CLANG_ENABLE_MODULES = YES;
				CLANG_ENABLE_OBJC_ARC = YES;
				CLANG_WARN_BOOL_CONVERSION = YES;
				CLANG_WARN_CONSTANT_CONVERSION = YES;
				CLANG_WARN_DIRECT_OBJC_ISA_USAGE = YES_ERROR;
				CLANG_WARN_EMPTY_BODY = YES;
				CLANG_WARN_ENUM_CONVERSION = YES;
				CLANG_WARN_INT_CONVERSION = YES;
				CLANG_WARN_OBJC_ROOT_CLASS = YES_ERROR;
				CLANG_WARN_UNREACHABLE_CODE = YES;
				CLANG_WARN__DUPLICATE_METHOD_MATCH = YES;
				CODE_SIGN_IDENTITY = "-";
				COPY_PHASE_STRIP = NO;
				DEBUG_INFORMATION_FORMAT = "dwarf-with-dsym";
				ENABLE_NS_ASSERTIONS = NO;
				ENABLE_STRICT_OBJC_MSGSEND = YES;
				GCC_C_LANGUAGE_STANDARD = gnu99;
				GCC_NO_COMMON_BLOCKS = YES;
				GCC_WARN_64_TO_32_BIT_CONVERSION = YES;
				GCC_WARN_ABOUT_RETURN_TYPE = YES_ERROR;
				GCC_WARN_UNDECLARED_SELECTOR = YES;
				GCC_WARN_UNINITIALIZED_AUTOS = YES_AGGRESSIVE;
				GCC_WARN_UNUSED_FUNCTION = YES;
				GCC_WARN_UNUSED_VARIABLE = YES;
				MACOSX_DEPLOYMENT_TARGET = 10.11;
				MTL_ENABLE_DEBUG_INFO = NO;
				SDKROOT = macosx;
			};
			name = Release;
		};
		FDF438491C147DCA00493F1A /* Debug */ = {
			isa = XCBuildConfiguration;
			buildSettings = {
				PRODUCT_NAME = "$(TARGET_NAME)";
			};
			name = Debug;
		};
		FDF4384A1C147DCA00493F1A /* Release */ = {
			isa = XCBuildConfiguration;
			buildSettings = {
				PRODUCT_NAME = "$(TARGET_NAME)";
			};
			name = Release;
		};
		FDF438531C147E0D00493F1A /* Debug */ = {
			isa = XCBuildConfiguration;
			buildSettings = {
				PRODUCT_NAME = "$(TARGET_NAME)";
			};
			name = Debug;
		};
		FDF438541C147E0D00493F1A /* Release */ = {
			isa = XCBuildConfiguration;
			buildSettings = {
				PRODUCT_NAME = "$(TARGET_NAME)";
			};
			name = Release;
		};
/* End XCBuildConfiguration section */

/* Begin XCConfigurationList section */
		FDF4383C1C147DCA00493F1A /* Build configuration list for PBXProject "les" */ = {
			isa = XCConfigurationList;
			buildConfigurations = (
				FDF438461C147DCA00493F1A /* Debug */,
				FDF438471C147DCA00493F1A /* Release */,
			);
			defaultConfigurationIsVisible = 0;
			defaultConfigurationName = Release;
		};
		FDF438481C147DCA00493F1A /* Build configuration list for PBXNativeTarget "les" */ = {
			isa = XCConfigurationList;
			buildConfigurations = (
				FDF438491C147DCA00493F1A /* Debug */,
				FDF4384A1C147DCA00493F1A /* Release */,
			);
			defaultConfigurationIsVisible = 0;
			defaultConfigurationName = Release;
		};
		FDF438551C147E0D00493F1A /* Build configuration list for PBXNativeTarget "les1" */ = {
			isa = XCConfigurationList;
			buildConfigurations = (
				FDF438531C147E0D00493F1A /* Debug */,
				FDF438541C147E0D00493F1A /* Release */,
			);
			defaultConfigurationIsVisible = 0;
		};
/* End XCConfigurationList section */
	};
	rootObject = FDF438391C147DCA00493F1A /* Project object */;
}
