// !$*UTF8*$!
{
	archiveVersion = 1;
	classes = {
	};
	objectVersion = 46;
	objects = {

/* Begin PBXBuildFile section */
		FDD411AE1CD5E6AF00106F52 /* AppDelegate.swift in Sources */ = {isa = PBXBuildFile; fileRef = FDD411AD1CD5E6AF00106F52 /* AppDelegate.swift */; };
		FDD411B01CD5E6AF00106F52 /* ViewController.swift in Sources */ = {isa = PBXBuildFile; fileRef = FDD411AF1CD5E6AF00106F52 /* ViewController.swift */; };
		FDD411B31CD5E6AF00106F52 /* Main.storyboard in Resources */ = {isa = PBXBuildFile; fileRef = FDD411B11CD5E6AF00106F52 /* Main.storyboard */; };
		FDD411B51CD5E6AF00106F52 /* Assets.xcassets in Resources */ = {isa = PBXBuildFile; fileRef = FDD411B41CD5E6AF00106F52 /* Assets.xcassets */; };
		FDD411B81CD5E6AF00106F52 /* LaunchScreen.storyboard in Resources */ = {isa = PBXBuildFile; fileRef = FDD411B61CD5E6AF00106F52 /* LaunchScreen.storyboard */; };
/* End PBXBuildFile section */

/* Begin PBXFileReference section */
		FDD411AA1CD5E6AF00106F52 /* UITabBarController.app */ = {isa = PBXFileReference; explicitFileType = wrapper.application; includeInIndex = 0; path = UITabBarController.app; sourceTree = BUILT_PRODUCTS_DIR; };
		FDD411AD1CD5E6AF00106F52 /* AppDelegate.swift */ = {isa = PBXFileReference; lastKnownFileType = sourcecode.swift; path = AppDelegate.swift; sourceTree = "<group>"; };
		FDD411AF1CD5E6AF00106F52 /* ViewController.swift */ = {isa = PBXFileReference; lastKnownFileType = sourcecode.swift; path = ViewController.swift; sourceTree = "<group>"; };
		FDD411B21CD5E6AF00106F52 /* Base */ = {isa = PBXFileReference; lastKnownFileType = file.storyboard; name = Base; path = Base.lproj/Main.storyboard; sourceTree = "<group>"; };
		FDD411B41CD5E6AF00106F52 /* Assets.xcassets */ = {isa = PBXFileReference; lastKnownFileType = folder.assetcatalog; path = Assets.xcassets; sourceTree = "<group>"; };
		FDD411B71CD5E6AF00106F52 /* Base */ = {isa = PBXFileReference; lastKnownFileType = file.storyboard; name = Base; path = Base.lproj/LaunchScreen.storyboard; sourceTree = "<group>"; };
		FDD411B91CD5E6AF00106F52 /* Info.plist */ = {isa = PBXFileReference; lastKnownFileType = text.plist.xml; path = Info.plist; sourceTree = "<group>"; };
/* End PBXFileReference section */

/* Begin PBXFrameworksBuildPhase section */
		FDD411A71CD5E6AF00106F52 /* Frameworks */ = {
			isa = PBXFrameworksBuildPhase;
			buildActionMask = 2147483647;
			files = (
			);
			runOnlyForDeploymentPostprocessing = 0;
		};
/* End PBXFrameworksBuildPhase section */

/* Begin PBXGroup section */
		FDD411A11CD5E6AF00106F52 = {
			isa = PBXGroup;
			children = (
				FDD411AC1CD5E6AF00106F52 /* UITabBarController */,
				FDD411AB1CD5E6AF00106F52 /* Products */,
			);
			sourceTree = "<group>";
		};
		FDD411AB1CD5E6AF00106F52 /* Products */ = {
			isa = PBXGroup;
			children = (
				FDD411AA1CD5E6AF00106F52 /* UITabBarController.app */,
			);
			name = Products;
			sourceTree = "<group>";
		};
		FDD411AC1CD5E6AF00106F52 /* UITabBarController */ = {
			isa = PBXGroup;
			children = (
				FDD411AD1CD5E6AF00106F52 /* AppDelegate.swift */,
				FDD411AF1CD5E6AF00106F52 /* ViewController.swift */,
				FDD411B11CD5E6AF00106F52 /* Main.storyboard */,
				FDD411B41CD5E6AF00106F52 /* Assets.xcassets */,
				FDD411B61CD5E6AF00106F52 /* LaunchScreen.storyboard */,
				FDD411B91CD5E6AF00106F52 /* Info.plist */,
			);
			path = UITabBarController;
			sourceTree = "<group>";
		};
/* End PBXGroup section */

/* Begin PBXNativeTarget section */
		FDD411A91CD5E6AF00106F52 /* UITabBarController */ = {
			isa = PBXNativeTarget;
			buildConfigurationList = FDD411BC1CD5E6AF00106F52 /* Build configuration list for PBXNativeTarget "UITabBarController" */;
			buildPhases = (
				FDD411A61CD5E6AF00106F52 /* Sources */,
				FDD411A71CD5E6AF00106F52 /* Frameworks */,
				FDD411A81CD5E6AF00106F52 /* Resources */,
			);
			buildRules = (
			);
			dependencies = (
			);
			name = UITabBarController;
			productName = UITabBarController;
			productReference = FDD411AA1CD5E6AF00106F52 /* UITabBarController.app */;
			productType = "com.apple.product-type.application";
		};
/* End PBXNativeTarget section */

/* Begin PBXProject section */
		FDD411A21CD5E6AF00106F52 /* Project object */ = {
			isa = PBXProject;
			attributes = {
				LastSwiftUpdateCheck = 0730;
				LastUpgradeCheck = 0730;
				ORGANIZATIONNAME = "何万江";
				TargetAttributes = {
					FDD411A91CD5E6AF00106F52 = {
						CreatedOnToolsVersion = 7.3;
						DevelopmentTeam = 85MQ6NSMX5;
					};
				};
			};
			buildConfigurationList = FDD411A51CD5E6AF00106F52 /* Build configuration list for PBXProject "UITabBarController" */;
			compatibilityVersion = "Xcode 3.2";
			developmentRegion = English;
			hasScannedForEncodings = 0;
			knownRegions = (
				en,
				Base,
			);
			mainGroup = FDD411A11CD5E6AF00106F52;
			productRefGroup = FDD411AB1CD5E6AF00106F52 /* Products */;
			projectDirPath = "";
			projectRoot = "";
			targets = (
				FDD411A91CD5E6AF00106F52 /* UITabBarController */,
			);
		};
/* End PBXProject section */

/* Begin PBXResourcesBuildPhase section */
		FDD411A81CD5E6AF00106F52 /* Resources */ = {
			isa = PBXResourcesBuildPhase;
			buildActionMask = 2147483647;
			files = (
				FDD411B81CD5E6AF00106F52 /* LaunchScreen.storyboard in Resources */,
				FDD411B51CD5E6AF00106F52 /* Assets.xcassets in Resources */,
				FDD411B31CD5E6AF00106F52 /* Main.storyboard in Resources */,
			);
			runOnlyForDeploymentPostprocessing = 0;
		};
/* End PBXResourcesBuildPhase section */

/* Begin PBXSourcesBuildPhase section */
		FDD411A61CD5E6AF00106F52 /* Sources */ = {
			isa = PBXSourcesBuildPhase;
			buildActionMask = 2147483647;
			files = (
				FDD411B01CD5E6AF00106F52 /* ViewController.swift in Sources */,
				FDD411AE1CD5E6AF00106F52 /* AppDelegate.swift in Sources */,
			);
			runOnlyForDeploymentPostprocessing = 0;
		};
/* End PBXSourcesBuildPhase section */

/* Begin PBXVariantGroup section */
		FDD411B11CD5E6AF00106F52 /* Main.storyboard */ = {
			isa = PBXVariantGroup;
			children = (
				FDD411B21CD5E6AF00106F52 /* Base */,
			);
			name = Main.storyboard;
			sourceTree = "<group>";
		};
		FDD411B61CD5E6AF00106F52 /* LaunchScreen.storyboard */ = {
			isa = PBXVariantGroup;
			children = (
				FDD411B71CD5E6AF00106F52 /* Base */,
			);
			name = LaunchScreen.storyboard;
			sourceTree = "<group>";
		};
/* End PBXVariantGroup section */

/* Begin XCBuildConfiguration section */
		FDD411BA1CD5E6AF00106F52 /* Debug */ = {
			isa = XCBuildConfiguration;
			buildSettings = {
				ALWAYS_SEARCH_USER_PATHS = NO;
				CLANG_ANALYZER_NONNULL = YES;
				CLANG_CXX_LANGUAGE_STANDARD = "gnu++0x";
				CLANG_CXX_LIBRARY = "libc++";
				CLANG_ENABLE_MODULES = YES;
				CLANG_ENABLE_OBJC_ARC = YES;
				CLANG_WARN_BOOL_CONVERSION = YES;
				CLANG_WARN_CONSTANT_CONVERSION = YES;
				CLANG_WARN_DIRECT_OBJC_ISA_USAGE = YES_ERROR;
				CLANG_WARN_EMPTY_BODY = YES;
				CLANG_WARN_ENUM_CONVERSION = YES;
				CLANG_WARN_INT_CONVERSION = YES;
				CLANG_WARN_OBJC_ROOT_CLASS = YES_ERROR;
				CLANG_WARN_UNREACHABLE_CODE = YES;
				CLANG_WARN__DUPLICATE_METHOD_MATCH = YES;
				"CODE_SIGN_IDENTITY[sdk=iphoneos*]" = "iPhone Developer";
				COPY_PHASE_STRIP = NO;
				DEBUG_INFORMATION_FORMAT = dwarf;
				ENABLE_STRICT_OBJC_MSGSEND = YES;
				ENABLE_TESTABILITY = YES;
				GCC_C_LANGUAGE_STANDARD = gnu99;
				GCC_DYNAMIC_NO_PIC = NO;
				GCC_NO_COMMON_BLOCKS = YES;
				GCC_OPTIMIZATION_LEVEL = 0;
				GCC_PREPROCESSOR_DEFINITIONS = (
					"DEBUG=1",
					"$(inherited)",
				);
				GCC_WARN_64_TO_32_BIT_CONVERSION = YES;
				GCC_WARN_ABOUT_RETURN_TYPE = YES_ERROR;
				GCC_WARN_UNDECLARED_SELECTOR = YES;
				GCC_WARN_UNINITIALIZED_AUTOS = YES_AGGRESSIVE;
				GCC_WARN_UNUSED_FUNCTION = YES;
				GCC_WARN_UNUSED_VARIABLE = YES;
				IPHONEOS_DEPLOYMENT_TARGET = 9.3;
				MTL_ENABLE_DEBUG_INFO = YES;
				ONLY_ACTIVE_ARCH = YES;
				SDKROOT = iphoneos;
				SWIFT_OPTIMIZATION_LEVEL = "-Onone";
			};
			name = Debug;
		};
		FDD411BB1CD5E6AF00106F52 /* Release */ = {
			isa = XCBuildConfiguration;
			buildSettings = {
				ALWAYS_SEARCH_USER_PATHS = NO;
				CLANG_ANALYZER_NONNULL = YES;
				CLANG_CXX_LANGUAGE_STANDARD = "gnu++0x";
				CLANG_CXX_LIBRARY = "libc++";
				CLANG_ENABLE_MODULES = YES;
				CLANG_ENABLE_OBJC_ARC = YES;
				CLANG_WARN_BOOL_CONVERSION = YES;
				CLANG_WARN_CONSTANT_CONVERSION = YES;
				CLANG_WARN_DIRECT_OBJC_ISA_USAGE = YES_ERROR;
				CLANG_WARN_EMPTY_BODY = YES;
				CLANG_WARN_ENUM_CONVERSION = YES;
				CLANG_WARN_INT_CONVERSION = YES;
				CLANG_WARN_OBJC_ROOT_CLASS = YES_ERROR;
				CLANG_WARN_UNREACHABLE_CODE = YES;
				CLANG_WARN__DUPLICATE_METHOD_MATCH = YES;
				"CODE_SIGN_IDENTITY[sdk=iphoneos*]" = "iPhone Developer";
				COPY_PHASE_STRIP = NO;
				DEBUG_INFORMATION_FORMAT = "dwarf-with-dsym";
				ENABLE_NS_ASSERTIONS = NO;
				ENABLE_STRICT_OBJC_MSGSEND = YES;
				GCC_C_LANGUAGE_STANDARD = gnu99;
				GCC_NO_COMMON_BLOCKS = YES;
				GCC_WARN_64_TO_32_BIT_CONVERSION = YES;
				GCC_WARN_ABOUT_RETURN_TYPE = YES_ERROR;
				GCC_WARN_UNDECLARED_SELECTOR = YES;
				GCC_WARN_UNINITIALIZED_AUTOS = YES_AGGRESSIVE;
				GCC_WARN_UNUSED_FUNCTION = YES;
				GCC_WARN_UNUSED_VARIABLE = YES;
				IPHONEOS_DEPLOYMENT_TARGET = 9.3;
				MTL_ENABLE_DEBUG_INFO = NO;
				SDKROOT = iphoneos;
				VALIDATE_PRODUCT = YES;
			};
			name = Release;
		};
		FDD411BD1CD5E6AF00106F52 /* Debug */ = {
			isa = XCBuildConfiguration;
			buildSettings = {
				ASSETCATALOG_COMPILER_APPICON_NAME = AppIcon;
				INFOPLIST_FILE = UITabBarController/Info.plist;
				LD_RUNPATH_SEARCH_PATHS = "$(inherited) @executable_path/Frameworks";
				PRODUCT_BUNDLE_IDENTIFIER = com.pifoo.UITabBarController;
				PRODUCT_NAME = "$(TARGET_NAME)";
			};
			name = Debug;
		};
		FDD411BE1CD5E6AF00106F52 /* Release */ = {
			isa = XCBuildConfiguration;
			buildSettings = {
				ASSETCATALOG_COMPILER_APPICON_NAME = AppIcon;
				INFOPLIST_FILE = UITabBarController/Info.plist;
				LD_RUNPATH_SEARCH_PATHS = "$(inherited) @executable_path/Frameworks";
				PRODUCT_BUNDLE_IDENTIFIER = com.pifoo.UITabBarController;
				PRODUCT_NAME = "$(TARGET_NAME)";
			};
			name = Release;
		};
/* End XCBuildConfiguration section */

/* Begin XCConfigurationList section */
		FDD411A51CD5E6AF00106F52 /* Build configuration list for PBXProject "UITabBarController" */ = {
			isa = XCConfigurationList;
			buildConfigurations = (
				FDD411BA1CD5E6AF00106F52 /* Debug */,
				FDD411BB1CD5E6AF00106F52 /* Release */,
			);
			defaultConfigurationIsVisible = 0;
			defaultConfigurationName = Release;
		};
		FDD411BC1CD5E6AF00106F52 /* Build configuration list for PBXNativeTarget "UITabBarController" */ = {
			isa = XCConfigurationList;
			buildConfigurations = (
				FDD411BD1CD5E6AF00106F52 /* Debug */,
				FDD411BE1CD5E6AF00106F52 /* Release */,
			);
			defaultConfigurationIsVisible = 0;
			defaultConfigurationName = Release;
		};
/* End XCConfigurationList section */
	};
	rootObject = FDD411A21CD5E6AF00106F52 /* Project object */;
}
