// !$*UTF8*$!
{
	archiveVersion = 1;
	classes = {
	};
	objectVersion = 46;
	objects = {

/* Begin PBXBuildFile section */
		FD0C4B1C1CD0630700D74209 /* AppDelegate.swift in Sources */ = {isa = PBXBuildFile; fileRef = FD0C4B1B1CD0630700D74209 /* AppDelegate.swift */; };
		FD0C4B1E1CD0630700D74209 /* ViewController.swift in Sources */ = {isa = PBXBuildFile; fileRef = FD0C4B1D1CD0630700D74209 /* ViewController.swift */; };
		FD0C4B211CD0630700D74209 /* Main.storyboard in Resources */ = {isa = PBXBuildFile; fileRef = FD0C4B1F1CD0630700D74209 /* Main.storyboard */; };
		FD0C4B231CD0630700D74209 /* Assets.xcassets in Resources */ = {isa = PBXBuildFile; fileRef = FD0C4B221CD0630700D74209 /* Assets.xcassets */; };
		FD0C4B261CD0630700D74209 /* LaunchScreen.storyboard in Resources */ = {isa = PBXBuildFile; fileRef = FD0C4B241CD0630700D74209 /* LaunchScreen.storyboard */; };
		FD0C4B2E1CD064FB00D74209 /* jy.pngs in Resources */ = {isa = PBXBuildFile; fileRef = FD0C4B2D1CD064FB00D74209 /* jy.pngs */; };
/* End PBXBuildFile section */

/* Begin PBXFileReference section */
		FD0C4B181CD0630700D74209 /* UIImageView.app */ = {isa = PBXFileReference; explicitFileType = wrapper.application; includeInIndex = 0; path = UIImageView.app; sourceTree = BUILT_PRODUCTS_DIR; };
		FD0C4B1B1CD0630700D74209 /* AppDelegate.swift */ = {isa = PBXFileReference; lastKnownFileType = sourcecode.swift; path = AppDelegate.swift; sourceTree = "<group>"; };
		FD0C4B1D1CD0630700D74209 /* ViewController.swift */ = {isa = PBXFileReference; lastKnownFileType = sourcecode.swift; path = ViewController.swift; sourceTree = "<group>"; };
		FD0C4B201CD0630700D74209 /* Base */ = {isa = PBXFileReference; lastKnownFileType = file.storyboard; name = Base; path = Base.lproj/Main.storyboard; sourceTree = "<group>"; };
		FD0C4B221CD0630700D74209 /* Assets.xcassets */ = {isa = PBXFileReference; lastKnownFileType = folder.assetcatalog; path = Assets.xcassets; sourceTree = "<group>"; };
		FD0C4B251CD0630700D74209 /* Base */ = {isa = PBXFileReference; lastKnownFileType = file.storyboard; name = Base; path = Base.lproj/LaunchScreen.storyboard; sourceTree = "<group>"; };
		FD0C4B271CD0630700D74209 /* Info.plist */ = {isa = PBXFileReference; lastKnownFileType = text.plist.xml; path = Info.plist; sourceTree = "<group>"; };
		FD0C4B2D1CD064FB00D74209 /* jy.pngs */ = {isa = PBXFileReference; lastKnownFileType = folder; name = jy.pngs; path = ../../../../../../_www/imgs/jy.pngs; sourceTree = "<group>"; };
/* End PBXFileReference section */

/* Begin PBXFrameworksBuildPhase section */
		FD0C4B151CD0630700D74209 /* Frameworks */ = {
			isa = PBXFrameworksBuildPhase;
			buildActionMask = 2147483647;
			files = (
			);
			runOnlyForDeploymentPostprocessing = 0;
		};
/* End PBXFrameworksBuildPhase section */

/* Begin PBXGroup section */
		FD0C4B0F1CD0630700D74209 = {
			isa = PBXGroup;
			children = (
				FD0C4B1A1CD0630700D74209 /* UIImageView */,
				FD0C4B191CD0630700D74209 /* Products */,
			);
			sourceTree = "<group>";
		};
		FD0C4B191CD0630700D74209 /* Products */ = {
			isa = PBXGroup;
			children = (
				FD0C4B181CD0630700D74209 /* UIImageView.app */,
			);
			name = Products;
			sourceTree = "<group>";
		};
		FD0C4B1A1CD0630700D74209 /* UIImageView */ = {
			isa = PBXGroup;
			children = (
				FD0C4B2D1CD064FB00D74209 /* jy.pngs */,
				FD0C4B1B1CD0630700D74209 /* AppDelegate.swift */,
				FD0C4B1D1CD0630700D74209 /* ViewController.swift */,
				FD0C4B1F1CD0630700D74209 /* Main.storyboard */,
				FD0C4B221CD0630700D74209 /* Assets.xcassets */,
				FD0C4B241CD0630700D74209 /* LaunchScreen.storyboard */,
				FD0C4B271CD0630700D74209 /* Info.plist */,
			);
			path = UIImageView;
			sourceTree = "<group>";
		};
/* End PBXGroup section */

/* Begin PBXNativeTarget section */
		FD0C4B171CD0630700D74209 /* UIImageView */ = {
			isa = PBXNativeTarget;
			buildConfigurationList = FD0C4B2A1CD0630700D74209 /* Build configuration list for PBXNativeTarget "UIImageView" */;
			buildPhases = (
				FD0C4B141CD0630700D74209 /* Sources */,
				FD0C4B151CD0630700D74209 /* Frameworks */,
				FD0C4B161CD0630700D74209 /* Resources */,
			);
			buildRules = (
			);
			dependencies = (
			);
			name = UIImageView;
			productName = UIImageView;
			productReference = FD0C4B181CD0630700D74209 /* UIImageView.app */;
			productType = "com.apple.product-type.application";
		};
/* End PBXNativeTarget section */

/* Begin PBXProject section */
		FD0C4B101CD0630700D74209 /* Project object */ = {
			isa = PBXProject;
			attributes = {
				LastSwiftUpdateCheck = 0730;
				LastUpgradeCheck = 0730;
				ORGANIZATIONNAME = "何万江";
				TargetAttributes = {
					FD0C4B171CD0630700D74209 = {
						CreatedOnToolsVersion = 7.3;
						DevelopmentTeam = 85MQ6NSMX5;
					};
				};
			};
			buildConfigurationList = FD0C4B131CD0630700D74209 /* Build configuration list for PBXProject "UIImageView" */;
			compatibilityVersion = "Xcode 3.2";
			developmentRegion = English;
			hasScannedForEncodings = 0;
			knownRegions = (
				en,
				Base,
			);
			mainGroup = FD0C4B0F1CD0630700D74209;
			productRefGroup = FD0C4B191CD0630700D74209 /* Products */;
			projectDirPath = "";
			projectRoot = "";
			targets = (
				FD0C4B171CD0630700D74209 /* UIImageView */,
			);
		};
/* End PBXProject section */

/* Begin PBXResourcesBuildPhase section */
		FD0C4B161CD0630700D74209 /* Resources */ = {
			isa = PBXResourcesBuildPhase;
			buildActionMask = 2147483647;
			files = (
				FD0C4B2E1CD064FB00D74209 /* jy.pngs in Resources */,
				FD0C4B261CD0630700D74209 /* LaunchScreen.storyboard in Resources */,
				FD0C4B231CD0630700D74209 /* Assets.xcassets in Resources */,
				FD0C4B211CD0630700D74209 /* Main.storyboard in Resources */,
			);
			runOnlyForDeploymentPostprocessing = 0;
		};
/* End PBXResourcesBuildPhase section */

/* Begin PBXSourcesBuildPhase section */
		FD0C4B141CD0630700D74209 /* Sources */ = {
			isa = PBXSourcesBuildPhase;
			buildActionMask = 2147483647;
			files = (
				FD0C4B1E1CD0630700D74209 /* ViewController.swift in Sources */,
				FD0C4B1C1CD0630700D74209 /* AppDelegate.swift in Sources */,
			);
			runOnlyForDeploymentPostprocessing = 0;
		};
/* End PBXSourcesBuildPhase section */

/* Begin PBXVariantGroup section */
		FD0C4B1F1CD0630700D74209 /* Main.storyboard */ = {
			isa = PBXVariantGroup;
			children = (
				FD0C4B201CD0630700D74209 /* Base */,
			);
			name = Main.storyboard;
			sourceTree = "<group>";
		};
		FD0C4B241CD0630700D74209 /* LaunchScreen.storyboard */ = {
			isa = PBXVariantGroup;
			children = (
				FD0C4B251CD0630700D74209 /* Base */,
			);
			name = LaunchScreen.storyboard;
			sourceTree = "<group>";
		};
/* End PBXVariantGroup section */

/* Begin XCBuildConfiguration section */
		FD0C4B281CD0630700D74209 /* Debug */ = {
			isa = XCBuildConfiguration;
			buildSettings = {
				ALWAYS_SEARCH_USER_PATHS = NO;
				CLANG_ANALYZER_NONNULL = YES;
				CLANG_CXX_LANGUAGE_STANDARD = "gnu++0x";
				CLANG_CXX_LIBRARY = "libc++";
				CLANG_ENABLE_MODULES = YES;
				CLANG_ENABLE_OBJC_ARC = YES;
				CLANG_WARN_BOOL_CONVERSION = YES;
				CLANG_WARN_CONSTANT_CONVERSION = YES;
				CLANG_WARN_DIRECT_OBJC_ISA_USAGE = YES_ERROR;
				CLANG_WARN_EMPTY_BODY = YES;
				CLANG_WARN_ENUM_CONVERSION = YES;
				CLANG_WARN_INT_CONVERSION = YES;
				CLANG_WARN_OBJC_ROOT_CLASS = YES_ERROR;
				CLANG_WARN_UNREACHABLE_CODE = YES;
				CLANG_WARN__DUPLICATE_METHOD_MATCH = YES;
				"CODE_SIGN_IDENTITY[sdk=iphoneos*]" = "iPhone Developer";
				COPY_PHASE_STRIP = NO;
				DEBUG_INFORMATION_FORMAT = dwarf;
				ENABLE_STRICT_OBJC_MSGSEND = YES;
				ENABLE_TESTABILITY = YES;
				GCC_C_LANGUAGE_STANDARD = gnu99;
				GCC_DYNAMIC_NO_PIC = NO;
				GCC_NO_COMMON_BLOCKS = YES;
				GCC_OPTIMIZATION_LEVEL = 0;
				GCC_PREPROCESSOR_DEFINITIONS = (
					"DEBUG=1",
					"$(inherited)",
				);
				GCC_WARN_64_TO_32_BIT_CONVERSION = YES;
				GCC_WARN_ABOUT_RETURN_TYPE = YES_ERROR;
				GCC_WARN_UNDECLARED_SELECTOR = YES;
				GCC_WARN_UNINITIALIZED_AUTOS = YES_AGGRESSIVE;
				GCC_WARN_UNUSED_FUNCTION = YES;
				GCC_WARN_UNUSED_VARIABLE = YES;
				IPHONEOS_DEPLOYMENT_TARGET = 9.3;
				MTL_ENABLE_DEBUG_INFO = YES;
				ONLY_ACTIVE_ARCH = YES;
				SDKROOT = iphoneos;
				SWIFT_OPTIMIZATION_LEVEL = "-Onone";
			};
			name = Debug;
		};
		FD0C4B291CD0630700D74209 /* Release */ = {
			isa = XCBuildConfiguration;
			buildSettings = {
				ALWAYS_SEARCH_USER_PATHS = NO;
				CLANG_ANALYZER_NONNULL = YES;
				CLANG_CXX_LANGUAGE_STANDARD = "gnu++0x";
				CLANG_CXX_LIBRARY = "libc++";
				CLANG_ENABLE_MODULES = YES;
				CLANG_ENABLE_OBJC_ARC = YES;
				CLANG_WARN_BOOL_CONVERSION = YES;
				CLANG_WARN_CONSTANT_CONVERSION = YES;
				CLANG_WARN_DIRECT_OBJC_ISA_USAGE = YES_ERROR;
				CLANG_WARN_EMPTY_BODY = YES;
				CLANG_WARN_ENUM_CONVERSION = YES;
				CLANG_WARN_INT_CONVERSION = YES;
				CLANG_WARN_OBJC_ROOT_CLASS = YES_ERROR;
				CLANG_WARN_UNREACHABLE_CODE = YES;
				CLANG_WARN__DUPLICATE_METHOD_MATCH = YES;
				"CODE_SIGN_IDENTITY[sdk=iphoneos*]" = "iPhone Developer";
				COPY_PHASE_STRIP = NO;
				DEBUG_INFORMATION_FORMAT = "dwarf-with-dsym";
				ENABLE_NS_ASSERTIONS = NO;
				ENABLE_STRICT_OBJC_MSGSEND = YES;
				GCC_C_LANGUAGE_STANDARD = gnu99;
				GCC_NO_COMMON_BLOCKS = YES;
				GCC_WARN_64_TO_32_BIT_CONVERSION = YES;
				GCC_WARN_ABOUT_RETURN_TYPE = YES_ERROR;
				GCC_WARN_UNDECLARED_SELECTOR = YES;
				GCC_WARN_UNINITIALIZED_AUTOS = YES_AGGRESSIVE;
				GCC_WARN_UNUSED_FUNCTION = YES;
				GCC_WARN_UNUSED_VARIABLE = YES;
				IPHONEOS_DEPLOYMENT_TARGET = 9.3;
				MTL_ENABLE_DEBUG_INFO = NO;
				SDKROOT = iphoneos;
				VALIDATE_PRODUCT = YES;
			};
			name = Release;
		};
		FD0C4B2B1CD0630700D74209 /* Debug */ = {
			isa = XCBuildConfiguration;
			buildSettings = {
				ASSETCATALOG_COMPILER_APPICON_NAME = AppIcon;
				INFOPLIST_FILE = UIImageView/Info.plist;
				LD_RUNPATH_SEARCH_PATHS = "$(inherited) @executable_path/Frameworks";
				PRODUCT_BUNDLE_IDENTIFIER = com.pifoo.UIImageView;
				PRODUCT_NAME = "$(TARGET_NAME)";
			};
			name = Debug;
		};
		FD0C4B2C1CD0630700D74209 /* Release */ = {
			isa = XCBuildConfiguration;
			buildSettings = {
				ASSETCATALOG_COMPILER_APPICON_NAME = AppIcon;
				INFOPLIST_FILE = UIImageView/Info.plist;
				LD_RUNPATH_SEARCH_PATHS = "$(inherited) @executable_path/Frameworks";
				PRODUCT_BUNDLE_IDENTIFIER = com.pifoo.UIImageView;
				PRODUCT_NAME = "$(TARGET_NAME)";
			};
			name = Release;
		};
/* End XCBuildConfiguration section */

/* Begin XCConfigurationList section */
		FD0C4B131CD0630700D74209 /* Build configuration list for PBXProject "UIImageView" */ = {
			isa = XCConfigurationList;
			buildConfigurations = (
				FD0C4B281CD0630700D74209 /* Debug */,
				FD0C4B291CD0630700D74209 /* Release */,
			);
			defaultConfigurationIsVisible = 0;
			defaultConfigurationName = Release;
		};
		FD0C4B2A1CD0630700D74209 /* Build configuration list for PBXNativeTarget "UIImageView" */ = {
			isa = XCConfigurationList;
			buildConfigurations = (
				FD0C4B2B1CD0630700D74209 /* Debug */,
				FD0C4B2C1CD0630700D74209 /* Release */,
			);
			defaultConfigurationIsVisible = 0;
		};
/* End XCConfigurationList section */
	};
	rootObject = FD0C4B101CD0630700D74209 /* Project object */;
}
